
Microsoft Visual Studio Solution File, Format Version 12.00
# Visual Studio 15
VisualStudioVersion = 15.0.27703.2035
MinimumVisualStudioVersion = 10.0.40219.1
Project("{FAE04EC0-301F-11D3-BF4B-00C04F79EFBC}") = "TheDevAssistant", "TheDevAssistant\TheDevAssistant.csproj", "{D48059AF-C3FE-4A07-872A-B59FF1BFFB48}"
EndProject
Global
	GlobalSection(SolutionConfigurationPlatforms) = preSolution
		Debug|Any CPU = Debug|Any CPU
		Release|Any CPU = Release|Any CPU
	EndGlobalSection
	GlobalSection(ProjectConfigurationPlatforms) = postSolution
		{D48059AF-C3FE-4A07-872A-B59FF1BFFB48}.Debug|Any CPU.ActiveCfg = Debug|Any CPU
		{D48059AF-C3FE-4A07-872A-B59FF1BFFB48}.Debug|Any CPU.Build.0 = Debug|Any CPU
		{D48059AF-C3FE-4A07-872A-B59FF1BFFB48}.Release|Any CPU.ActiveCfg = Release|Any CPU
		{D48059AF-C3FE-4A07-872A-B59FF1BFFB48}.Release|Any CPU.Build.0 = Release|Any CPU
	EndGlobalSection
	GlobalSection(SolutionProperties) = preSolution
		HideSolutionNode = FALSE
	EndGlobalSection
	GlobalSection(ExtensibilityGlobals) = postSolution
		SolutionGuid = {1DD3081E-E47E-45AD-AEDA-EA25E4C5EB0E}
	EndGlobalSection
EndGlobal
